// !$*UTF8*$!
{
	archiveVersion = 1;
	classes = {
	};
	objectVersion = 77;
	objects = {

/* Begin PBXBuildFile section */
		011531F94A0E8FF1C43452FB /* ContentView.swift in Sources */ = {isa = PBXBuildFile; fileRef = 18C29C2D40583440968D3491 /* ContentView.swift */; };
		013CE30CDDD84F0FA4E661C7 /* Localizable.xcstrings in Resources */ = {isa = PBXBuildFile; fileRef = 7E69BEC5997E8A136852773D /* Localizable.xcstrings */; };
		025DD7DE5AF0996A4186CDFF /* HostFlowApp.swift in Sources */ = {isa = PBXBuildFile; fileRef = 962A106CD4B2C27A4DF88FFF /* HostFlowApp.swift */; };
		04DAB0853BE631F88B6A08CC /* AddProfileSheet.swift in Sources */ = {isa = PBXBuildFile; fileRef = 9675089FCC91E088F7656CDB /* AddProfileSheet.swift */; };
		071B6CCABAD23D7B0C5F4802 /* HostFlowHelper in Embed Dependencies */ = {isa = PBXBuildFile; fileRef = 72A6998664817F913D404C96 /* HostFlowHelper */; settings = {ATTRIBUTES = (CodeSignOnCopy, RemoveHeadersOnCopy, ); }; };
		08FEA26EBEB616BCF241CC26 /* SidebarView.swift in Sources */ = {isa = PBXBuildFile; fileRef = 5D9182BD4A56DA00D9A72D4B /* SidebarView.swift */; };
		092DA13347E91AF07C139367 /* HostValidator.swift in Sources */ = {isa = PBXBuildFile; fileRef = F08B92A29E532CD6A45BE845 /* HostValidator.swift */; };
		0EB3B62D3714187F1D928D4B /* HelperSettingsSection.swift in Sources */ = {isa = PBXBuildFile; fileRef = 7EE2EE0973F022A8CD736744 /* HelperSettingsSection.swift */; };
		0F3594407CF3B410F8E0CA79 /* AuthorizedKeys.swift in Sources */ = {isa = PBXBuildFile; fileRef = 202C6C906DF5B00744A2A738 /* AuthorizedKeys.swift */; };
		1D8AF3D0558E988B45A2635D /* main.swift in Sources */ = {isa = PBXBuildFile; fileRef = 2B3E50A5A7E8A93617BC1226 /* main.swift */; };
		234458D191F3178EEA418E2C /* InfoPlist.xcstrings in Resources */ = {isa = PBXBuildFile; fileRef = 64E215CA01FB13663F060686 /* InfoPlist.xcstrings */; };
		2537EB46E582B496AD7B725A /* MenuBarView.swift in Sources */ = {isa = PBXBuildFile; fileRef = 24C66693F262DF5ADCA6DCF5 /* MenuBarView.swift */; };
		290FA9AD22BD0F4F0FBA2533 /* Assets.xcassets in Resources */ = {isa = PBXBuildFile; fileRef = E3ED2A29F9505BA26272BDE5 /* Assets.xcassets */; };
		2B42D735F4CC5DF4F09D3E44 /* HelperListenerDelegate.swift in Sources */ = {isa = PBXBuildFile; fileRef = BDF3775EAEABE058613E103A /* HelperListenerDelegate.swift */; };
		3440CDC64B2A14A47B25F391 /* HostRecordTransfer.swift in Sources */ = {isa = PBXBuildFile; fileRef = 3E2887A99F81C5AB4E240071 /* HostRecordTransfer.swift */; };
		45E5B26E17438EF6952267BC /* ExportService.swift in Sources */ = {isa = PBXBuildFile; fileRef = 0B0B4E3F577BC2F15F77BE6A /* ExportService.swift */; };
		479B6063135C464B7D203590 /* AppSettings.swift in Sources */ = {isa = PBXBuildFile; fileRef = 5FD252067315F25E616C42BE /* AppSettings.swift */; };
		48E230352B89175045F63EEC /* CallerVerification.swift in Sources */ = {isa = PBXBuildFile; fileRef = 9A6B6B32171D67C973B8D726 /* CallerVerification.swift */; };
		4A4B0CF49722A65BCAD95537 /* Bundle+AppInfo.swift in Sources */ = {isa = PBXBuildFile; fileRef = C2C9ED91B1A67FCCC5D1AE71 /* Bundle+AppInfo.swift */; };
		4D4C93E446F4EE312826180A /* Profile.swift in Sources */ = {isa = PBXBuildFile; fileRef = D34443BF3B959DBF01127C21 /* Profile.swift */; };
		50D02D0EEF71A99E5BEA88B0 /* ProfileDetailView.swift in Sources */ = {isa = PBXBuildFile; fileRef = 4C9651F263872E4319C64419 /* ProfileDetailView.swift */; };
		5289C2BCDAB7AF837CD1D3F0 /* HostsFileWatcher.swift in Sources */ = {isa = PBXBuildFile; fileRef = A7FB830547FEE1031B618CC4 /* HostsFileWatcher.swift */; };
		542843400A13634AD3054B15 /* AddRecordSheet.swift in Sources */ = {isa = PBXBuildFile; fileRef = 2E86FDF092AA4237434BEAA5 /* AddRecordSheet.swift */; };
		5CC8C2870EA52F9ED09C083D /* ImportProfileSheet.swift in Sources */ = {isa = PBXBuildFile; fileRef = 88D4894663B8CD795B5DA58E /* ImportProfileSheet.swift */; };
		674A79F2D058AEC2057CF285 /* ImportService.swift in Sources */ = {isa = PBXBuildFile; fileRef = 5620F9A1DF6355A96BDDB297 /* ImportService.swift */; };
		6A519A0230D216098C10C664 /* UpdaterStore.swift in Sources */ = {isa = PBXBuildFile; fileRef = 953905F7BEA520558A5E8A5A /* UpdaterStore.swift */; };
		6FE2F5B9BEBD63EFCC37DCF9 /* ExportPayload.swift in Sources */ = {isa = PBXBuildFile; fileRef = A696F63124AE359F61D459B5 /* ExportPayload.swift */; };
		76BB116AF930850E2F755BAF /* Sparkle in Frameworks */ = {isa = PBXBuildFile; productRef = E5B5E3474B29CC93A32D51FE /* Sparkle */; };
		76EBC2C36532CD939DED0AD9 /* HostsFileManager.swift in Sources */ = {isa = PBXBuildFile; fileRef = 2A3FA13ADDEE68A07887AF53 /* HostsFileManager.swift */; };
		822DF26378900C39B7FF5AB3 /* HelperOnboardingSheet.swift in Sources */ = {isa = PBXBuildFile; fileRef = 7940BCB031EB188B3CEC1F84 /* HelperOnboardingSheet.swift */; };
		888CCF72A403DDE51C61DE91 /* HostsXPCClient.swift in Sources */ = {isa = PBXBuildFile; fileRef = F488AAAB13E2B5669E0819A0 /* HostsXPCClient.swift */; };
		9215CB5F1A241ADE13E5DF0F /* HostsFileParser.swift in Sources */ = {isa = PBXBuildFile; fileRef = 3A4CA3366C69090D8D8AEEFE /* HostsFileParser.swift */; };
		92607FE0D42B6FA11EA38F6A /* AppIcon.icon in Resources */ = {isa = PBXBuildFile; fileRef = 582467A695F148839CA607DC /* AppIcon.icon */; };
		9699FE669F81DD002CBC9087 /* HostRecord.swift in Sources */ = {isa = PBXBuildFile; fileRef = 3634CC7C88A085F4F0A8FE66 /* HostRecord.swift */; };
		97957FD776D415CFE6A267FF /* ImportJSONService.swift in Sources */ = {isa = PBXBuildFile; fileRef = CD41A8201B8C8EFAFAC47484 /* ImportJSONService.swift */; };
		C762E1082CD7ED1392C4F73E /* HelperInstaller.swift in Sources */ = {isa = PBXBuildFile; fileRef = CB379F5A3EE3C0A3DD110E13 /* HelperInstaller.swift */; };
		C7C2A9D2A704CDE0DB0E0E38 /* EditRecordSheet.swift in Sources */ = {isa = PBXBuildFile; fileRef = 8767DE637961AB296C4C0EF6 /* EditRecordSheet.swift */; };
		C7C6963751ED83F9B3830129 /* HostFlowHelperProtocol.swift in Sources */ = {isa = PBXBuildFile; fileRef = 2B064FA0C014B7ECFB753026 /* HostFlowHelperProtocol.swift */; };
		D58038BF77784408ACC40ABF /* SettingsView.swift in Sources */ = {isa = PBXBuildFile; fileRef = C4640EBB32848C5F94462A4D /* SettingsView.swift */; };
		E10FD5F271FD90B3F9CE3C0C /* ImportJSONSheet.swift in Sources */ = {isa = PBXBuildFile; fileRef = 7CB3CEFCDBC9975BCCAF2B75 /* ImportJSONSheet.swift */; };
		E405CDB2502B0EFE5AC4CCDC /* ProfileStore.swift in Sources */ = {isa = PBXBuildFile; fileRef = B83AC8610860D04F54BEE4AA /* ProfileStore.swift */; };
		E5E44BCBD88FFB08DD9945DA /* HelperService.swift in Sources */ = {isa = PBXBuildFile; fileRef = 078992EFBB586325566E5F8F /* HelperService.swift */; };
		EACF29E33743EA5F214FC722 /* HostFlowHelperProtocol.swift in Sources */ = {isa = PBXBuildFile; fileRef = 2B064FA0C014B7ECFB753026 /* HostFlowHelperProtocol.swift */; };
		FAFEE528416C34265B8C8757 /* HelperError.swift in Sources */ = {isa = PBXBuildFile; fileRef = C866BD9C8D45804DBEBFA4B6 /* HelperError.swift */; };
/* End PBXBuildFile section */

/* Begin PBXContainerItemProxy section */
		797C6912FCC5762D2C2D94F8 /* PBXContainerItemProxy */ = {
			isa = PBXContainerItemProxy;
			containerPortal = 0AA101F2493010D84926EE08 /* Project object */;
			proxyType = 1;
			remoteGlobalIDString = 037F74CA91455F2F064F70AC;
			remoteInfo = HostFlowHelper;
		};
/* End PBXContainerItemProxy section */

/* Begin PBXCopyFilesBuildPhase section */
		47B955A6807D1E20B570D3ED /* Embed Dependencies */ = {
			isa = PBXCopyFilesBuildPhase;
			buildActionMask = 2147483647;
			dstPath = Contents/Library/LaunchDaemons;
			dstSubfolderSpec = 1;
			files = (
				071B6CCABAD23D7B0C5F4802 /* HostFlowHelper in Embed Dependencies */,
			);
			name = "Embed Dependencies";
			runOnlyForDeploymentPostprocessing = 0;
		};
/* End PBXCopyFilesBuildPhase section */

/* Begin PBXFileReference section */
		078992EFBB586325566E5F8F /* HelperService.swift */ = {isa = PBXFileReference; lastKnownFileType = sourcecode.swift; path = HelperService.swift; sourceTree = "<group>"; };
		0B0B4E3F577BC2F15F77BE6A /* ExportService.swift */ = {isa = PBXFileReference; lastKnownFileType = sourcecode.swift; path = ExportService.swift; sourceTree = "<group>"; };
		18C29C2D40583440968D3491 /* ContentView.swift */ = {isa = PBXFileReference; lastKnownFileType = sourcecode.swift; path = ContentView.swift; sourceTree = "<group>"; };
		202C6C906DF5B00744A2A738 /* AuthorizedKeys.swift */ = {isa = PBXFileReference; lastKnownFileType = sourcecode.swift; path = AuthorizedKeys.swift; sourceTree = "<group>"; };
		24C66693F262DF5ADCA6DCF5 /* MenuBarView.swift */ = {isa = PBXFileReference; lastKnownFileType = sourcecode.swift; path = MenuBarView.swift; sourceTree = "<group>"; };
		2A3FA13ADDEE68A07887AF53 /* HostsFileManager.swift */ = {isa = PBXFileReference; lastKnownFileType = sourcecode.swift; path = HostsFileManager.swift; sourceTree = "<group>"; };
		2B064FA0C014B7ECFB753026 /* HostFlowHelperProtocol.swift */ = {isa = PBXFileReference; lastKnownFileType = sourcecode.swift; path = HostFlowHelperProtocol.swift; sourceTree = "<group>"; };
		2B3E50A5A7E8A93617BC1226 /* main.swift */ = {isa = PBXFileReference; lastKnownFileType = sourcecode.swift; path = main.swift; sourceTree = "<group>"; };
		2E86FDF092AA4237434BEAA5 /* AddRecordSheet.swift */ = {isa = PBXFileReference; lastKnownFileType = sourcecode.swift; path = AddRecordSheet.swift; sourceTree = "<group>"; };
		3634CC7C88A085F4F0A8FE66 /* HostRecord.swift */ = {isa = PBXFileReference; lastKnownFileType = sourcecode.swift; path = HostRecord.swift; sourceTree = "<group>"; };
		3A4CA3366C69090D8D8AEEFE /* HostsFileParser.swift */ = {isa = PBXFileReference; lastKnownFileType = sourcecode.swift; path = HostsFileParser.swift; sourceTree = "<group>"; };
		3E2887A99F81C5AB4E240071 /* HostRecordTransfer.swift */ = {isa = PBXFileReference; lastKnownFileType = sourcecode.swift; path = HostRecordTransfer.swift; sourceTree = "<group>"; };
		4C9651F263872E4319C64419 /* ProfileDetailView.swift */ = {isa = PBXFileReference; lastKnownFileType = sourcecode.swift; path = ProfileDetailView.swift; sourceTree = "<group>"; };
		5620F9A1DF6355A96BDDB297 /* ImportService.swift */ = {isa = PBXFileReference; lastKnownFileType = sourcecode.swift; path = ImportService.swift; sourceTree = "<group>"; };
		582467A695F148839CA607DC /* AppIcon.icon */ = {isa = PBXFileReference; lastKnownFileType = wrapper.icon; path = AppIcon.icon; sourceTree = "<group>"; };
		5D9182BD4A56DA00D9A72D4B /* SidebarView.swift */ = {isa = PBXFileReference; lastKnownFileType = sourcecode.swift; path = SidebarView.swift; sourceTree = "<group>"; };
		5FD252067315F25E616C42BE /* AppSettings.swift */ = {isa = PBXFileReference; lastKnownFileType = sourcecode.swift; path = AppSettings.swift; sourceTree = "<group>"; };
		64E215CA01FB13663F060686 /* InfoPlist.xcstrings */ = {isa = PBXFileReference; lastKnownFileType = text.json.xcstrings; path = InfoPlist.xcstrings; sourceTree = "<group>"; };
		72A6998664817F913D404C96 /* HostFlowHelper */ = {isa = PBXFileReference; includeInIndex = 0; path = HostFlowHelper; sourceTree = BUILT_PRODUCTS_DIR; };
		7940BCB031EB188B3CEC1F84 /* HelperOnboardingSheet.swift */ = {isa = PBXFileReference; lastKnownFileType = sourcecode.swift; path = HelperOnboardingSheet.swift; sourceTree = "<group>"; };
		7CB3CEFCDBC9975BCCAF2B75 /* ImportJSONSheet.swift */ = {isa = PBXFileReference; lastKnownFileType = sourcecode.swift; path = ImportJSONSheet.swift; sourceTree = "<group>"; };
		7E69BEC5997E8A136852773D /* Localizable.xcstrings */ = {isa = PBXFileReference; lastKnownFileType = text.json.xcstrings; path = Localizable.xcstrings; sourceTree = "<group>"; };
		7EE2EE0973F022A8CD736744 /* HelperSettingsSection.swift */ = {isa = PBXFileReference; lastKnownFileType = sourcecode.swift; path = HelperSettingsSection.swift; sourceTree = "<group>"; };
		8767DE637961AB296C4C0EF6 /* EditRecordSheet.swift */ = {isa = PBXFileReference; lastKnownFileType = sourcecode.swift; path = EditRecordSheet.swift; sourceTree = "<group>"; };
		88D4894663B8CD795B5DA58E /* ImportProfileSheet.swift */ = {isa = PBXFileReference; lastKnownFileType = sourcecode.swift; path = ImportProfileSheet.swift; sourceTree = "<group>"; };
		953905F7BEA520558A5E8A5A /* UpdaterStore.swift */ = {isa = PBXFileReference; lastKnownFileType = sourcecode.swift; path = UpdaterStore.swift; sourceTree = "<group>"; };
		962A106CD4B2C27A4DF88FFF /* HostFlowApp.swift */ = {isa = PBXFileReference; lastKnownFileType = sourcecode.swift; path = HostFlowApp.swift; sourceTree = "<group>"; };
		9675089FCC91E088F7656CDB /* AddProfileSheet.swift */ = {isa = PBXFileReference; lastKnownFileType = sourcecode.swift; path = AddProfileSheet.swift; sourceTree = "<group>"; };
		9A6B6B32171D67C973B8D726 /* CallerVerification.swift */ = {isa = PBXFileReference; lastKnownFileType = sourcecode.swift; path = CallerVerification.swift; sourceTree = "<group>"; };
		A696F63124AE359F61D459B5 /* ExportPayload.swift */ = {isa = PBXFileReference; lastKnownFileType = sourcecode.swift; path = ExportPayload.swift; sourceTree = "<group>"; };
		A7FB830547FEE1031B618CC4 /* HostsFileWatcher.swift */ = {isa = PBXFileReference; lastKnownFileType = sourcecode.swift; path = HostsFileWatcher.swift; sourceTree = "<group>"; };
		B83AC8610860D04F54BEE4AA /* ProfileStore.swift */ = {isa = PBXFileReference; lastKnownFileType = sourcecode.swift; path = ProfileStore.swift; sourceTree = "<group>"; };
		BDF3775EAEABE058613E103A /* HelperListenerDelegate.swift */ = {isa = PBXFileReference; lastKnownFileType = sourcecode.swift; path = HelperListenerDelegate.swift; sourceTree = "<group>"; };
		C2C9ED91B1A67FCCC5D1AE71 /* Bundle+AppInfo.swift */ = {isa = PBXFileReference; lastKnownFileType = sourcecode.swift; path = "Bundle+AppInfo.swift"; sourceTree = "<group>"; };
		C4640EBB32848C5F94462A4D /* SettingsView.swift */ = {isa = PBXFileReference; lastKnownFileType = sourcecode.swift; path = SettingsView.swift; sourceTree = "<group>"; };
		C866BD9C8D45804DBEBFA4B6 /* HelperError.swift */ = {isa = PBXFileReference; lastKnownFileType = sourcecode.swift; path = HelperError.swift; sourceTree = "<group>"; };
		CB379F5A3EE3C0A3DD110E13 /* HelperInstaller.swift */ = {isa = PBXFileReference; lastKnownFileType = sourcecode.swift; path = HelperInstaller.swift; sourceTree = "<group>"; };
		CD41A8201B8C8EFAFAC47484 /* ImportJSONService.swift */ = {isa = PBXFileReference; lastKnownFileType = sourcecode.swift; path = ImportJSONService.swift; sourceTree = "<group>"; };
		D34443BF3B959DBF01127C21 /* Profile.swift */ = {isa = PBXFileReference; lastKnownFileType = sourcecode.swift; path = Profile.swift; sourceTree = "<group>"; };
		E3ED2A29F9505BA26272BDE5 /* Assets.xcassets */ = {isa = PBXFileReference; lastKnownFileType = folder.assetcatalog; path = Assets.xcassets; sourceTree = "<group>"; };
		E995FE21FEBA892E881B6AFC /* HostFlow.app */ = {isa = PBXFileReference; explicitFileType = wrapper.application; includeInIndex = 0; path = HostFlow.app; sourceTree = BUILT_PRODUCTS_DIR; };
		F08B92A29E532CD6A45BE845 /* HostValidator.swift */ = {isa = PBXFileReference; lastKnownFileType = sourcecode.swift; path = HostValidator.swift; sourceTree = "<group>"; };
		F488AAAB13E2B5669E0819A0 /* HostsXPCClient.swift */ = {isa = PBXFileReference; lastKnownFileType = sourcecode.swift; path = HostsXPCClient.swift; sourceTree = "<group>"; };
/* End PBXFileReference section */

/* Begin PBXFrameworksBuildPhase section */
		AA7C3520B580556E1F11625C /* Frameworks */ = {
			isa = PBXFrameworksBuildPhase;
			buildActionMask = 2147483647;
			files = (
				76BB116AF930850E2F755BAF /* Sparkle in Frameworks */,
			);
			runOnlyForDeploymentPostprocessing = 0;
		};
/* End PBXFrameworksBuildPhase section */

/* Begin PBXGroup section */
		087536D29A9359A49EAB7632 /* MenuBar */ = {
			isa = PBXGroup;
			children = (
				24C66693F262DF5ADCA6DCF5 /* MenuBarView.swift */,
			);
			path = MenuBar;
			sourceTree = "<group>";
		};
		08BADABC28F21364B86E0C71 /* Helper */ = {
			isa = PBXGroup;
			children = (
				202C6C906DF5B00744A2A738 /* AuthorizedKeys.swift */,
				9A6B6B32171D67C973B8D726 /* CallerVerification.swift */,
				C866BD9C8D45804DBEBFA4B6 /* HelperError.swift */,
				BDF3775EAEABE058613E103A /* HelperListenerDelegate.swift */,
				078992EFBB586325566E5F8F /* HelperService.swift */,
				2B3E50A5A7E8A93617BC1226 /* main.swift */,
			);
			path = Helper;
			sourceTree = "<group>";
		};
		35549D202592120D17EB64B7 /* Helpers */ = {
			isa = PBXGroup;
			children = (
				C2C9ED91B1A67FCCC5D1AE71 /* Bundle+AppInfo.swift */,
				A696F63124AE359F61D459B5 /* ExportPayload.swift */,
				0B0B4E3F577BC2F15F77BE6A /* ExportService.swift */,
				CB379F5A3EE3C0A3DD110E13 /* HelperInstaller.swift */,
				2A3FA13ADDEE68A07887AF53 /* HostsFileManager.swift */,
				3A4CA3366C69090D8D8AEEFE /* HostsFileParser.swift */,
				A7FB830547FEE1031B618CC4 /* HostsFileWatcher.swift */,
				F488AAAB13E2B5669E0819A0 /* HostsXPCClient.swift */,
				F08B92A29E532CD6A45BE845 /* HostValidator.swift */,
				CD41A8201B8C8EFAFAC47484 /* ImportJSONService.swift */,
				5620F9A1DF6355A96BDDB297 /* ImportService.swift */,
			);
			path = Helpers;
			sourceTree = "<group>";
		};
		39DCAFEF35A7EB909345C907 /* ProfileDetail */ = {
			isa = PBXGroup;
			children = (
				2E86FDF092AA4237434BEAA5 /* AddRecordSheet.swift */,
				8767DE637961AB296C4C0EF6 /* EditRecordSheet.swift */,
				4C9651F263872E4319C64419 /* ProfileDetailView.swift */,
			);
			path = ProfileDetail;
			sourceTree = "<group>";
		};
		3A79FFE7D55EB74CBBA39011 /* Onboarding */ = {
			isa = PBXGroup;
			children = (
				7940BCB031EB188B3CEC1F84 /* HelperOnboardingSheet.swift */,
			);
			path = Onboarding;
			sourceTree = "<group>";
		};
		3C4A7684180FDACE7670934A /* Stores */ = {
			isa = PBXGroup;
			children = (
				5FD252067315F25E616C42BE /* AppSettings.swift */,
				B83AC8610860D04F54BEE4AA /* ProfileStore.swift */,
				953905F7BEA520558A5E8A5A /* UpdaterStore.swift */,
			);
			path = Stores;
			sourceTree = "<group>";
		};
		4E66467D896F504706146B4C = {
			isa = PBXGroup;
			children = (
				FF48CD5E9BF5730166978BE0 /* App */,
				08BADABC28F21364B86E0C71 /* Helper */,
				35549D202592120D17EB64B7 /* Helpers */,
				F5B2DCD2CFADB7309577E7EB /* Models */,
				AF3FCE16192AB7CFA03F3D23 /* Resources */,
				C7888A3E6CE291E0BE7E8CAB /* Shared */,
				3C4A7684180FDACE7670934A /* Stores */,
				9D0C81A03F11C499812C293D /* Views */,
				DD80962C39B485EA35191D2C /* Products */,
			);
			sourceTree = "<group>";
		};
		67F7F50A4440548858A71B11 /* Settings */ = {
			isa = PBXGroup;
			children = (
				7EE2EE0973F022A8CD736744 /* HelperSettingsSection.swift */,
				7CB3CEFCDBC9975BCCAF2B75 /* ImportJSONSheet.swift */,
				88D4894663B8CD795B5DA58E /* ImportProfileSheet.swift */,
				C4640EBB32848C5F94462A4D /* SettingsView.swift */,
			);
			path = Settings;
			sourceTree = "<group>";
		};
		9D0C81A03F11C499812C293D /* Views */ = {
			isa = PBXGroup;
			children = (
				087536D29A9359A49EAB7632 /* MenuBar */,
				3A79FFE7D55EB74CBBA39011 /* Onboarding */,
				39DCAFEF35A7EB909345C907 /* ProfileDetail */,
				67F7F50A4440548858A71B11 /* Settings */,
				C2A87E8DE5DD648BA48999FC /* Sidebar */,
			);
			path = Views;
			sourceTree = "<group>";
		};
		AF3FCE16192AB7CFA03F3D23 /* Resources */ = {
			isa = PBXGroup;
			children = (
				582467A695F148839CA607DC /* AppIcon.icon */,
				E3ED2A29F9505BA26272BDE5 /* Assets.xcassets */,
				64E215CA01FB13663F060686 /* InfoPlist.xcstrings */,
				7E69BEC5997E8A136852773D /* Localizable.xcstrings */,
			);
			path = Resources;
			sourceTree = "<group>";
		};
		C2A87E8DE5DD648BA48999FC /* Sidebar */ = {
			isa = PBXGroup;
			children = (
				9675089FCC91E088F7656CDB /* AddProfileSheet.swift */,
				5D9182BD4A56DA00D9A72D4B /* SidebarView.swift */,
			);
			path = Sidebar;
			sourceTree = "<group>";
		};
		C7888A3E6CE291E0BE7E8CAB /* Shared */ = {
			isa = PBXGroup;
			children = (
				2B064FA0C014B7ECFB753026 /* HostFlowHelperProtocol.swift */,
			);
			path = Shared;
			sourceTree = "<group>";
		};
		DD80962C39B485EA35191D2C /* Products */ = {
			isa = PBXGroup;
			children = (
				E995FE21FEBA892E881B6AFC /* HostFlow.app */,
				72A6998664817F913D404C96 /* HostFlowHelper */,
			);
			name = Products;
			sourceTree = "<group>";
		};
		F5B2DCD2CFADB7309577E7EB /* Models */ = {
			isa = PBXGroup;
			children = (
				3634CC7C88A085F4F0A8FE66 /* HostRecord.swift */,
				3E2887A99F81C5AB4E240071 /* HostRecordTransfer.swift */,
				D34443BF3B959DBF01127C21 /* Profile.swift */,
			);
			path = Models;
			sourceTree = "<group>";
		};
		FF48CD5E9BF5730166978BE0 /* App */ = {
			isa = PBXGroup;
			children = (
				18C29C2D40583440968D3491 /* ContentView.swift */,
				962A106CD4B2C27A4DF88FFF /* HostFlowApp.swift */,
			);
			path = App;
			sourceTree = "<group>";
		};
/* End PBXGroup section */

/* Begin PBXNativeTarget section */
		037F74CA91455F2F064F70AC /* HostFlowHelper */ = {
			isa = PBXNativeTarget;
			buildConfigurationList = 89B6DDA89F243FBA55F36D2E /* Build configuration list for PBXNativeTarget "HostFlowHelper" */;
			buildPhases = (
				69528A299FB4B1D757D39895 /* Sources */,
			);
			buildRules = (
			);
			dependencies = (
			);
			name = HostFlowHelper;
			packageProductDependencies = (
			);
			productName = HostFlowHelper;
			productReference = 72A6998664817F913D404C96 /* HostFlowHelper */;
			productType = "com.apple.product-type.tool";
		};
		3115DB6E4F9DC89857F1EF7A /* HostFlow */ = {
			isa = PBXNativeTarget;
			buildConfigurationList = 1F610781744FB72CF6154A44 /* Build configuration list for PBXNativeTarget "HostFlow" */;
			buildPhases = (
				DA2276C0EC7B766A252905F5 /* Sources */,
				F72D63104B11D30AEC5DF83C /* Resources */,
				AA7C3520B580556E1F11625C /* Frameworks */,
				47B955A6807D1E20B570D3ED /* Embed Dependencies */,
				C12BC3512BAD5F1E547EF7CF /* Embed helper plist */,
			);
			buildRules = (
			);
			dependencies = (
				ED5596FFA3473D4E20D9D4AC /* PBXTargetDependency */,
			);
			name = HostFlow;
			packageProductDependencies = (
				E5B5E3474B29CC93A32D51FE /* Sparkle */,
			);
			productName = HostFlow;
			productReference = E995FE21FEBA892E881B6AFC /* HostFlow.app */;
			productType = "com.apple.product-type.application";
		};
/* End PBXNativeTarget section */

/* Begin PBXProject section */
		0AA101F2493010D84926EE08 /* Project object */ = {
			isa = PBXProject;
			attributes = {
				BuildIndependentTargetsInParallel = YES;
				LastUpgradeCheck = 1500;
				TargetAttributes = {
					037F74CA91455F2F064F70AC = {
						DevelopmentTeam = "";
						ProvisioningStyle = Automatic;
					};
					3115DB6E4F9DC89857F1EF7A = {
						DevelopmentTeam = "";
						ProvisioningStyle = Automatic;
					};
				};
			};
			buildConfigurationList = FACFA49536AD45B437C8E78B /* Build configuration list for PBXProject "HostFlow" */;
			developmentRegion = en;
			hasScannedForEncodings = 0;
			knownRegions = (
				Base,
				en,
			);
			mainGroup = 4E66467D896F504706146B4C;
			minimizedProjectReferenceProxies = 1;
			packageReferences = (
				DA41D0070AA3F78F6EC01D07 /* XCRemoteSwiftPackageReference "Sparkle" */,
			);
			preferredProjectObjectVersion = 77;
			productRefGroup = DD80962C39B485EA35191D2C /* Products */;
			projectDirPath = "";
			projectRoot = "";
			targets = (
				3115DB6E4F9DC89857F1EF7A /* HostFlow */,
				037F74CA91455F2F064F70AC /* HostFlowHelper */,
			);
		};
/* End PBXProject section */

/* Begin PBXResourcesBuildPhase section */
		F72D63104B11D30AEC5DF83C /* Resources */ = {
			isa = PBXResourcesBuildPhase;
			buildActionMask = 2147483647;
			files = (
				92607FE0D42B6FA11EA38F6A /* AppIcon.icon in Resources */,
				290FA9AD22BD0F4F0FBA2533 /* Assets.xcassets in Resources */,
				234458D191F3178EEA418E2C /* InfoPlist.xcstrings in Resources */,
				013CE30CDDD84F0FA4E661C7 /* Localizable.xcstrings in Resources */,
			);
			runOnlyForDeploymentPostprocessing = 0;
		};
/* End PBXResourcesBuildPhase section */

/* Begin PBXShellScriptBuildPhase section */
		C12BC3512BAD5F1E547EF7CF /* Embed helper plist */ = {
			isa = PBXShellScriptBuildPhase;
			buildActionMask = 2147483647;
			files = (
			);
			inputFileListPaths = (
			);
			inputPaths = (
				"$(SRCROOT)/Helper/Resources/com.colilab.hostflow.helper.plist",
			);
			name = "Embed helper plist";
			outputFileListPaths = (
			);
			outputPaths = (
				"$(BUILT_PRODUCTS_DIR)/$(PRODUCT_NAME).app/Contents/Library/LaunchDaemons/com.colilab.hostflow.helper.plist",
			);
			runOnlyForDeploymentPostprocessing = 0;
			shellPath = /bin/sh;
			shellScript = "set -e\nDEST=\"${BUILT_PRODUCTS_DIR}/${PRODUCT_NAME}.app/Contents/Library/LaunchDaemons\"\nmkdir -p \"$DEST\"\ncp \"${SRCROOT}/Helper/Resources/com.colilab.hostflow.helper.plist\" \"$DEST/\"\n";
		};
/* End PBXShellScriptBuildPhase section */

/* Begin PBXSourcesBuildPhase section */
		69528A299FB4B1D757D39895 /* Sources */ = {
			isa = PBXSourcesBuildPhase;
			buildActionMask = 2147483647;
			files = (
				0F3594407CF3B410F8E0CA79 /* AuthorizedKeys.swift in Sources */,
				48E230352B89175045F63EEC /* CallerVerification.swift in Sources */,
				FAFEE528416C34265B8C8757 /* HelperError.swift in Sources */,
				2B42D735F4CC5DF4F09D3E44 /* HelperListenerDelegate.swift in Sources */,
				E5E44BCBD88FFB08DD9945DA /* HelperService.swift in Sources */,
				EACF29E33743EA5F214FC722 /* HostFlowHelperProtocol.swift in Sources */,
				1D8AF3D0558E988B45A2635D /* main.swift in Sources */,
			);
			runOnlyForDeploymentPostprocessing = 0;
		};
		DA2276C0EC7B766A252905F5 /* Sources */ = {
			isa = PBXSourcesBuildPhase;
			buildActionMask = 2147483647;
			files = (
				04DAB0853BE631F88B6A08CC /* AddProfileSheet.swift in Sources */,
				542843400A13634AD3054B15 /* AddRecordSheet.swift in Sources */,
				479B6063135C464B7D203590 /* AppSettings.swift in Sources */,
				4A4B0CF49722A65BCAD95537 /* Bundle+AppInfo.swift in Sources */,
				011531F94A0E8FF1C43452FB /* ContentView.swift in Sources */,
				C7C2A9D2A704CDE0DB0E0E38 /* EditRecordSheet.swift in Sources */,
				6FE2F5B9BEBD63EFCC37DCF9 /* ExportPayload.swift in Sources */,
				45E5B26E17438EF6952267BC /* ExportService.swift in Sources */,
				C762E1082CD7ED1392C4F73E /* HelperInstaller.swift in Sources */,
				822DF26378900C39B7FF5AB3 /* HelperOnboardingSheet.swift in Sources */,
				0EB3B62D3714187F1D928D4B /* HelperSettingsSection.swift in Sources */,
				025DD7DE5AF0996A4186CDFF /* HostFlowApp.swift in Sources */,
				C7C6963751ED83F9B3830129 /* HostFlowHelperProtocol.swift in Sources */,
				9699FE669F81DD002CBC9087 /* HostRecord.swift in Sources */,
				3440CDC64B2A14A47B25F391 /* HostRecordTransfer.swift in Sources */,
				092DA13347E91AF07C139367 /* HostValidator.swift in Sources */,
				76EBC2C36532CD939DED0AD9 /* HostsFileManager.swift in Sources */,
				9215CB5F1A241ADE13E5DF0F /* HostsFileParser.swift in Sources */,
				5289C2BCDAB7AF837CD1D3F0 /* HostsFileWatcher.swift in Sources */,
				888CCF72A403DDE51C61DE91 /* HostsXPCClient.swift in Sources */,
				97957FD776D415CFE6A267FF /* ImportJSONService.swift in Sources */,
				E10FD5F271FD90B3F9CE3C0C /* ImportJSONSheet.swift in Sources */,
				5CC8C2870EA52F9ED09C083D /* ImportProfileSheet.swift in Sources */,
				674A79F2D058AEC2057CF285 /* ImportService.swift in Sources */,
				2537EB46E582B496AD7B725A /* MenuBarView.swift in Sources */,
				4D4C93E446F4EE312826180A /* Profile.swift in Sources */,
				50D02D0EEF71A99E5BEA88B0 /* ProfileDetailView.swift in Sources */,
				E405CDB2502B0EFE5AC4CCDC /* ProfileStore.swift in Sources */,
				D58038BF77784408ACC40ABF /* SettingsView.swift in Sources */,
				08FEA26EBEB616BCF241CC26 /* SidebarView.swift in Sources */,
				6A519A0230D216098C10C664 /* UpdaterStore.swift in Sources */,
			);
			runOnlyForDeploymentPostprocessing = 0;
		};
/* End PBXSourcesBuildPhase section */

/* Begin PBXTargetDependency section */
		ED5596FFA3473D4E20D9D4AC /* PBXTargetDependency */ = {
			isa = PBXTargetDependency;
			target = 037F74CA91455F2F064F70AC /* HostFlowHelper */;
			targetProxy = 797C6912FCC5762D2C2D94F8 /* PBXContainerItemProxy */;
		};
/* End PBXTargetDependency section */

/* Begin XCBuildConfiguration section */
		23B60E5CDE91735D18DEC25D /* Release */ = {
			isa = XCBuildConfiguration;
			buildSettings = {
				ALWAYS_SEARCH_USER_PATHS = NO;
				CLANG_ANALYZER_NONNULL = YES;
				CLANG_ANALYZER_NUMBER_OBJECT_CONVERSION = YES_AGGRESSIVE;
				CLANG_CXX_LANGUAGE_STANDARD = "gnu++14";
				CLANG_CXX_LIBRARY = "libc++";
				CLANG_ENABLE_MODULES = YES;
				CLANG_ENABLE_OBJC_ARC = YES;
				CLANG_ENABLE_OBJC_WEAK = YES;
				CLANG_WARN_BLOCK_CAPTURE_AUTORELEASING = YES;
				CLANG_WARN_BOOL_CONVERSION = YES;
				CLANG_WARN_COMMA = YES;
				CLANG_WARN_CONSTANT_CONVERSION = YES;
				CLANG_WARN_DEPRECATED_OBJC_IMPLEMENTATIONS = YES;
				CLANG_WARN_DIRECT_OBJC_ISA_USAGE = YES_ERROR;
				CLANG_WARN_DOCUMENTATION_COMMENTS = YES;
				CLANG_WARN_EMPTY_BODY = YES;
				CLANG_WARN_ENUM_CONVERSION = YES;
				CLANG_WARN_INFINITE_RECURSION = YES;
				CLANG_WARN_INT_CONVERSION = YES;
				CLANG_WARN_NON_LITERAL_NULL_CONVERSION = YES;
				CLANG_WARN_OBJC_IMPLICIT_RETAIN_SELF = YES;
				CLANG_WARN_OBJC_LITERAL_CONVERSION = YES;
				CLANG_WARN_OBJC_ROOT_CLASS = YES_ERROR;
				CLANG_WARN_QUOTED_INCLUDE_IN_FRAMEWORK_HEADER = YES;
				CLANG_WARN_RANGE_LOOP_ANALYSIS = YES;
				CLANG_WARN_STRICT_PROTOTYPES = YES;
				CLANG_WARN_SUSPICIOUS_MOVE = YES;
				CLANG_WARN_UNGUARDED_AVAILABILITY = YES_AGGRESSIVE;
				CLANG_WARN_UNREACHABLE_CODE = YES;
				CLANG_WARN__DUPLICATE_METHOD_MATCH = YES;
				CODE_SIGN_STYLE = Automatic;
				COPY_PHASE_STRIP = NO;
				CURRENT_PROJECT_VERSION = 3;
				DEBUG_INFORMATION_FORMAT = "dwarf-with-dsym";
				DEVELOPMENT_TEAM = "";
				ENABLE_HARDENED_RUNTIME = YES;
				ENABLE_NS_ASSERTIONS = NO;
				ENABLE_STRICT_OBJC_MSGSEND = YES;
				GCC_C_LANGUAGE_STANDARD = gnu11;
				GCC_NO_COMMON_BLOCKS = YES;
				GCC_WARN_64_TO_32_BIT_CONVERSION = YES;
				GCC_WARN_ABOUT_RETURN_TYPE = YES_ERROR;
				GCC_WARN_UNDECLARED_SELECTOR = YES;
				GCC_WARN_UNINITIALIZED_AUTOS = YES_AGGRESSIVE;
				GCC_WARN_UNUSED_FUNCTION = YES;
				GCC_WARN_UNUSED_VARIABLE = YES;
				MACOSX_DEPLOYMENT_TARGET = 14.0;
				MARKETING_VERSION = 1.0.2;
				MTL_ENABLE_DEBUG_INFO = NO;
				MTL_FAST_MATH = YES;
				PRODUCT_NAME = HostFlow;
				SDKROOT = macosx;
				SWIFT_COMPILATION_MODE = wholemodule;
				SWIFT_OPTIMIZATION_LEVEL = "-O";
				SWIFT_VERSION = 5.9;
			};
			name = Release;
		};
		90056271392A4CA6F4425724 /* Release */ = {
			isa = XCBuildConfiguration;
			buildSettings = {
				COMBINE_HIDPI_IMAGES = YES;
				LD_RUNPATH_SEARCH_PATHS = (
					"$(inherited)",
					"@executable_path/../Frameworks",
				);
				PRODUCT_BUNDLE_IDENTIFIER = com.colilab.hostflow.helper;
				PRODUCT_NAME = com.colilab.hostflow.helper;
				SDKROOT = macosx;
				SKIP_INSTALL = NO;
			};
			name = Release;
		};
		A28509528553A508C298BCD0 /* Debug */ = {
			isa = XCBuildConfiguration;
			buildSettings = {
				COMBINE_HIDPI_IMAGES = YES;
				LD_RUNPATH_SEARCH_PATHS = (
					"$(inherited)",
					"@executable_path/../Frameworks",
				);
				PRODUCT_BUNDLE_IDENTIFIER = com.colilab.hostflow.helper;
				PRODUCT_NAME = com.colilab.hostflow.helper;
				SDKROOT = macosx;
				SKIP_INSTALL = NO;
			};
			name = Debug;
		};
		B680A416F07283D9D124D8FB /* Debug */ = {
			isa = XCBuildConfiguration;
			buildSettings = {
				ALWAYS_SEARCH_USER_PATHS = NO;
				CLANG_ANALYZER_NONNULL = YES;
				CLANG_ANALYZER_NUMBER_OBJECT_CONVERSION = YES_AGGRESSIVE;
				CLANG_CXX_LANGUAGE_STANDARD = "gnu++14";
				CLANG_CXX_LIBRARY = "libc++";
				CLANG_ENABLE_MODULES = YES;
				CLANG_ENABLE_OBJC_ARC = YES;
				CLANG_ENABLE_OBJC_WEAK = YES;
				CLANG_WARN_BLOCK_CAPTURE_AUTORELEASING = YES;
				CLANG_WARN_BOOL_CONVERSION = YES;
				CLANG_WARN_COMMA = YES;
				CLANG_WARN_CONSTANT_CONVERSION = YES;
				CLANG_WARN_DEPRECATED_OBJC_IMPLEMENTATIONS = YES;
				CLANG_WARN_DIRECT_OBJC_ISA_USAGE = YES_ERROR;
				CLANG_WARN_DOCUMENTATION_COMMENTS = YES;
				CLANG_WARN_EMPTY_BODY = YES;
				CLANG_WARN_ENUM_CONVERSION = YES;
				CLANG_WARN_INFINITE_RECURSION = YES;
				CLANG_WARN_INT_CONVERSION = YES;
				CLANG_WARN_NON_LITERAL_NULL_CONVERSION = YES;
				CLANG_WARN_OBJC_IMPLICIT_RETAIN_SELF = YES;
				CLANG_WARN_OBJC_LITERAL_CONVERSION = YES;
				CLANG_WARN_OBJC_ROOT_CLASS = YES_ERROR;
				CLANG_WARN_QUOTED_INCLUDE_IN_FRAMEWORK_HEADER = YES;
				CLANG_WARN_RANGE_LOOP_ANALYSIS = YES;
				CLANG_WARN_STRICT_PROTOTYPES = YES;
				CLANG_WARN_SUSPICIOUS_MOVE = YES;
				CLANG_WARN_UNGUARDED_AVAILABILITY = YES_AGGRESSIVE;
				CLANG_WARN_UNREACHABLE_CODE = YES;
				CLANG_WARN__DUPLICATE_METHOD_MATCH = YES;
				CODE_SIGN_STYLE = Automatic;
				COPY_PHASE_STRIP = NO;
				CURRENT_PROJECT_VERSION = 3;
				DEBUG_INFORMATION_FORMAT = dwarf;
				DEVELOPMENT_TEAM = "";
				ENABLE_HARDENED_RUNTIME = YES;
				ENABLE_STRICT_OBJC_MSGSEND = YES;
				ENABLE_TESTABILITY = YES;
				GCC_C_LANGUAGE_STANDARD = gnu11;
				GCC_DYNAMIC_NO_PIC = NO;
				GCC_NO_COMMON_BLOCKS = YES;
				GCC_OPTIMIZATION_LEVEL = 0;
				GCC_PREPROCESSOR_DEFINITIONS = (
					"$(inherited)",
					"DEBUG=1",
				);
				GCC_WARN_64_TO_32_BIT_CONVERSION = YES;
				GCC_WARN_ABOUT_RETURN_TYPE = YES_ERROR;
				GCC_WARN_UNDECLARED_SELECTOR = YES;
				GCC_WARN_UNINITIALIZED_AUTOS = YES_AGGRESSIVE;
				GCC_WARN_UNUSED_FUNCTION = YES;
				GCC_WARN_UNUSED_VARIABLE = YES;
				MACOSX_DEPLOYMENT_TARGET = 14.0;
				MARKETING_VERSION = 1.0.2;
				MTL_ENABLE_DEBUG_INFO = INCLUDE_SOURCE;
				MTL_FAST_MATH = YES;
				ONLY_ACTIVE_ARCH = YES;
				PRODUCT_NAME = HostFlow;
				SDKROOT = macosx;
				SWIFT_ACTIVE_COMPILATION_CONDITIONS = DEBUG;
				SWIFT_OPTIMIZATION_LEVEL = "-Onone";
				SWIFT_VERSION = 5.9;
			};
			name = Debug;
		};
		D8FD4B83A18B2451A25D309E /* Debug */ = {
			isa = XCBuildConfiguration;
			buildSettings = {
				ASSETCATALOG_COMPILER_APPICON_NAME = AppIcon;
				CODE_SIGN_ENTITLEMENTS = Resources/HostFlow.entitlements;
				COMBINE_HIDPI_IMAGES = YES;
				INFOPLIST_FILE = Resources/Info.plist;
				LD_RUNPATH_SEARCH_PATHS = (
					"$(inherited)",
					"@executable_path/../Frameworks",
				);
				PRODUCT_BUNDLE_IDENTIFIER = com.colilab.hostflow;
				SDKROOT = macosx;
			};
			name = Debug;
		};
		F42B225F51D3D4347FC82C96 /* Release */ = {
			isa = XCBuildConfiguration;
			buildSettings = {
				ASSETCATALOG_COMPILER_APPICON_NAME = AppIcon;
				CODE_SIGN_ENTITLEMENTS = Resources/HostFlow.entitlements;
				COMBINE_HIDPI_IMAGES = YES;
				INFOPLIST_FILE = Resources/Info.plist;
				LD_RUNPATH_SEARCH_PATHS = (
					"$(inherited)",
					"@executable_path/../Frameworks",
				);
				PRODUCT_BUNDLE_IDENTIFIER = com.colilab.hostflow;
				SDKROOT = macosx;
			};
			name = Release;
		};
/* End XCBuildConfiguration section */

/* Begin XCConfigurationList section */
		1F610781744FB72CF6154A44 /* Build configuration list for PBXNativeTarget "HostFlow" */ = {
			isa = XCConfigurationList;
			buildConfigurations = (
				D8FD4B83A18B2451A25D309E /* Debug */,
				F42B225F51D3D4347FC82C96 /* Release */,
			);
			defaultConfigurationIsVisible = 0;
			defaultConfigurationName = Debug;
		};
		89B6DDA89F243FBA55F36D2E /* Build configuration list for PBXNativeTarget "HostFlowHelper" */ = {
			isa = XCConfigurationList;
			buildConfigurations = (
				A28509528553A508C298BCD0 /* Debug */,
				90056271392A4CA6F4425724 /* Release */,
			);
			defaultConfigurationIsVisible = 0;
			defaultConfigurationName = Debug;
		};
		FACFA49536AD45B437C8E78B /* Build configuration list for PBXProject "HostFlow" */ = {
			isa = XCConfigurationList;
			buildConfigurations = (
				B680A416F07283D9D124D8FB /* Debug */,
				23B60E5CDE91735D18DEC25D /* Release */,
			);
			defaultConfigurationIsVisible = 0;
			defaultConfigurationName = Debug;
		};
/* End XCConfigurationList section */

/* Begin XCRemoteSwiftPackageReference section */
		DA41D0070AA3F78F6EC01D07 /* XCRemoteSwiftPackageReference "Sparkle" */ = {
			isa = XCRemoteSwiftPackageReference;
			repositoryURL = "https://github.com/sparkle-project/Sparkle";
			requirement = {
				kind = upToNextMajorVersion;
				minimumVersion = 2.6.0;
			};
		};
/* End XCRemoteSwiftPackageReference section */

/* Begin XCSwiftPackageProductDependency section */
		E5B5E3474B29CC93A32D51FE /* Sparkle */ = {
			isa = XCSwiftPackageProductDependency;
			package = DA41D0070AA3F78F6EC01D07 /* XCRemoteSwiftPackageReference "Sparkle" */;
			productName = Sparkle;
		};
/* End XCSwiftPackageProductDependency section */
	};
	rootObject = 0AA101F2493010D84926EE08 /* Project object */;
}
